
Microsoft Visual Studio Solution File, Format Version 12.00
# Visual Studio Version 16
VisualStudioVersion = 16.0.32126.315
MinimumVisualStudioVersion = 10.0.40219.1
Project("{FAE04EC0-301F-11D3-BF4B-00C04F79EFBC}") = "HijaDobrila2", "HijaDobrila2\HijaDobrila2.csproj", "{B1AE5C18-AD04-47B1-AF25-4CC9C98305CA}"
EndProject
Global
	GlobalSection(SolutionConfigurationPlatforms) = preSolution
		Debug|Any CPU = Debug|Any CPU
		Release|Any CPU = Release|Any CPU
	EndGlobalSection
	GlobalSection(ProjectConfigurationPlatforms) = postSolution
		{B1AE5C18-AD04-47B1-AF25-4CC9C98305CA}.Debug|Any CPU.ActiveCfg = Debug|Any CPU
		{B1AE5C18-AD04-47B1-AF25-4CC9C98305CA}.Debug|Any CPU.Build.0 = Debug|Any CPU
		{B1AE5C18-AD04-47B1-AF25-4CC9C98305CA}.Release|Any CPU.ActiveCfg = Release|Any CPU
		{B1AE5C18-AD04-47B1-AF25-4CC9C98305CA}.Release|Any CPU.Build.0 = Release|Any CPU
	EndGlobalSection
	GlobalSection(SolutionProperties) = preSolution
		HideSolutionNode = FALSE
	EndGlobalSection
	GlobalSection(ExtensibilityGlobals) = postSolution
		SolutionGuid = {2AF735BB-C5B9-47BE-88F8-2D0057053E33}
	EndGlobalSection
EndGlobal
